
Microsoft Visual Studio Solution File, Format Version 12.00
# Visual Studio Version 16
VisualStudioVersion = 16.0.31129.286
MinimumVisualStudioVersion = 10.0.40219.1
Project("{9A19103F-16F7-4668-BE54-9A1E7A4F7556}") = "HomeTransactionsManagerWebAppRazor", "HomeTransactionsManagerWebAppRazor\HomeTransactionsManagerWebAppRazor.csproj", "{C5B93A25-3AE3-45CA-A979-764DC8DAF268}"
EndProject
Global
	GlobalSection(SolutionConfigurationPlatforms) = preSolution
		Debug|Any CPU = Debug|Any CPU
		Release Try|Any CPU = Release Try|Any CPU
		Release|Any CPU = Release|Any CPU
	EndGlobalSection
	GlobalSection(ProjectConfigurationPlatforms) = postSolution
		{C5B93A25-3AE3-45CA-A979-764DC8DAF268}.Debug|Any CPU.ActiveCfg = Debug|Any CPU
		{C5B93A25-3AE3-45CA-A979-764DC8DAF268}.Debug|Any CPU.Build.0 = Debug|Any CPU
		{C5B93A25-3AE3-45CA-A979-764DC8DAF268}.Release Try|Any CPU.ActiveCfg = Release Try|Any CPU
		{C5B93A25-3AE3-45CA-A979-764DC8DAF268}.Release Try|Any CPU.Build.0 = Release Try|Any CPU
		{C5B93A25-3AE3-45CA-A979-764DC8DAF268}.Release|Any CPU.ActiveCfg = Release|Any CPU
		{C5B93A25-3AE3-45CA-A979-764DC8DAF268}.Release|Any CPU.Build.0 = Release|Any CPU
	EndGlobalSection
	GlobalSection(SolutionProperties) = preSolution
		HideSolutionNode = FALSE
	EndGlobalSection
	GlobalSection(ExtensibilityGlobals) = postSolution
		SolutionGuid = {EF50B830-B2F9-4C0F-A837-6C493BABECA1}
	EndGlobalSection
EndGlobal
